
Microsoft Visual Studio Solution File, Format Version 12.00
# Visual Studio 15
VisualStudioVersion = 15.0.28307.757
MinimumVisualStudioVersion = 10.0.40219.1
Project("{A07B5EB6-E848-4116-A8D0-A826331D98C6}") = "HttpDistributedCache", "src\HttpDistributedCache\HttpDistributedCache.sfproj", "{425C158D-1869-4193-8E0E-ED6BB5751037}"
EndProject
Project("{9A19103F-16F7-4668-BE54-9A1E7A4F7556}") = "Cache", "src\Cache\Cache.csproj", "{E488385B-4446-4386-B3FA-24C44460F501}"
EndProject
Project("{FAE04EC0-301F-11D3-BF4B-00C04F79EFBC}") = "LoadTest", "tests\vs-clt-http-loadtest\LoadTest\LoadTest.csproj", "{FE7CF794-95F2-4DA9-ABA4-73C76A9718A2}"
EndProject
Project("{2150E333-8FDC-42A3-9474-1A3956D46DE8}") = "Solution Items", "Solution Items", "{CAFD3745-C9D1-4D01-9523-8F20C9EA48C2}"
	ProjectSection(SolutionItems) = preProject
		Local.testsettings = Local.testsettings
		remote.testsettings = remote.testsettings
	EndProjectSection
EndProject
Global
	GlobalSection(SolutionConfigurationPlatforms) = preSolution
		Debug|Any CPU = Debug|Any CPU
		Debug|x64 = Debug|x64
		Release|Any CPU = Release|Any CPU
		Release|x64 = Release|x64
	EndGlobalSection
	GlobalSection(ProjectConfigurationPlatforms) = postSolution
		{425C158D-1869-4193-8E0E-ED6BB5751037}.Debug|Any CPU.ActiveCfg = Debug|x64
		{425C158D-1869-4193-8E0E-ED6BB5751037}.Debug|Any CPU.Build.0 = Debug|x64
		{425C158D-1869-4193-8E0E-ED6BB5751037}.Debug|Any CPU.Deploy.0 = Debug|x64
		{425C158D-1869-4193-8E0E-ED6BB5751037}.Debug|x64.ActiveCfg = Debug|x64
		{425C158D-1869-4193-8E0E-ED6BB5751037}.Debug|x64.Build.0 = Debug|x64
		{425C158D-1869-4193-8E0E-ED6BB5751037}.Debug|x64.Deploy.0 = Debug|x64
		{425C158D-1869-4193-8E0E-ED6BB5751037}.Release|Any CPU.ActiveCfg = Release|x64
		{425C158D-1869-4193-8E0E-ED6BB5751037}.Release|x64.ActiveCfg = Release|x64
		{425C158D-1869-4193-8E0E-ED6BB5751037}.Release|x64.Build.0 = Release|x64
		{425C158D-1869-4193-8E0E-ED6BB5751037}.Release|x64.Deploy.0 = Release|x64
		{E488385B-4446-4386-B3FA-24C44460F501}.Debug|Any CPU.ActiveCfg = Debug|Any CPU
		{E488385B-4446-4386-B3FA-24C44460F501}.Debug|Any CPU.Build.0 = Debug|Any CPU
		{E488385B-4446-4386-B3FA-24C44460F501}.Debug|x64.ActiveCfg = Debug|Any CPU
		{E488385B-4446-4386-B3FA-24C44460F501}.Debug|x64.Build.0 = Debug|Any CPU
		{E488385B-4446-4386-B3FA-24C44460F501}.Release|Any CPU.ActiveCfg = Release|Any CPU
		{E488385B-4446-4386-B3FA-24C44460F501}.Release|Any CPU.Build.0 = Release|Any CPU
		{E488385B-4446-4386-B3FA-24C44460F501}.Release|x64.ActiveCfg = Release|Any CPU
		{E488385B-4446-4386-B3FA-24C44460F501}.Release|x64.Build.0 = Release|Any CPU
		{FE7CF794-95F2-4DA9-ABA4-73C76A9718A2}.Debug|Any CPU.ActiveCfg = Debug|Any CPU
		{FE7CF794-95F2-4DA9-ABA4-73C76A9718A2}.Debug|Any CPU.Build.0 = Debug|Any CPU
		{FE7CF794-95F2-4DA9-ABA4-73C76A9718A2}.Debug|x64.ActiveCfg = Debug|Any CPU
		{FE7CF794-95F2-4DA9-ABA4-73C76A9718A2}.Debug|x64.Build.0 = Debug|Any CPU
		{FE7CF794-95F2-4DA9-ABA4-73C76A9718A2}.Release|Any CPU.ActiveCfg = Release|Any CPU
		{FE7CF794-95F2-4DA9-ABA4-73C76A9718A2}.Release|Any CPU.Build.0 = Release|Any CPU
		{FE7CF794-95F2-4DA9-ABA4-73C76A9718A2}.Release|x64.ActiveCfg = Release|Any CPU
		{FE7CF794-95F2-4DA9-ABA4-73C76A9718A2}.Release|x64.Build.0 = Release|Any CPU
	EndGlobalSection
	GlobalSection(SolutionProperties) = preSolution
		HideSolutionNode = FALSE
	EndGlobalSection
	GlobalSection(ExtensibilityGlobals) = postSolution
		SolutionGuid = {B4FCE02A-00F5-43F9-B1C4-CFF08AB81E31}
	EndGlobalSection
EndGlobal
